// !$*UTF8*$!
{
	archiveVersion = 1;
	classes = {
	};
	objectVersion = 77;
	objects = {

/* Begin PBXBuildFile section */
		0A9BFA504E3FB76BC95C8539 /* CommentEditor.swift in Sources */ = {isa = PBXBuildFile; fileRef = 4FFDBCC12F8C2768821B9C63 /* CommentEditor.swift */; };
		28570D32614CB83770396994 /* StudentRootView.swift in Sources */ = {isa = PBXBuildFile; fileRef = 1DA65C2B7B2319624CC8CA3D /* StudentRootView.swift */; };
		38D452881D47F713F22A49BC /* SyncStatusView.swift in Sources */ = {isa = PBXBuildFile; fileRef = 15695ABAAC333C460B3B75E9 /* SyncStatusView.swift */; };
		3BA02A0385E74FA38829F9FB /* ActivityView.swift in Sources */ = {isa = PBXBuildFile; fileRef = 56797A4201536370E1D7683C /* ActivityView.swift */; };
		3E8A92D878216D5DB06E6B5E /* CoursesView.swift in Sources */ = {isa = PBXBuildFile; fileRef = 8A978FBECE04AA2EDC19CD24 /* CoursesView.swift */; };
		40E2E11CA6B20606A494A8E2 /* ClassSectionDetailView.swift in Sources */ = {isa = PBXBuildFile; fileRef = C1B1F5837350E3E11FB5CA0D /* ClassSectionDetailView.swift */; };
		47A9E1D20019E68158455A5A /* ProposalEditor.swift in Sources */ = {isa = PBXBuildFile; fileRef = 4C816E78BE4268FC0EA6740A /* ProposalEditor.swift */; };
		4C3A7201573F27998C466F31 /* SharedTaskCreator.swift in Sources */ = {isa = PBXBuildFile; fileRef = 4959B7F662A435D32CD93297 /* SharedTaskCreator.swift */; };
		595531BBF9DB1C8A809CA480 /* TaskRow.swift in Sources */ = {isa = PBXBuildFile; fileRef = FB1DB6FF6EDAF2A43237D5FF /* TaskRow.swift */; };
		698C1FD403EA5964D5E87603 /* ProfileEditor.swift in Sources */ = {isa = PBXBuildFile; fileRef = 5ADA5DE07F2FBA0E420713DE /* ProfileEditor.swift */; };
		8065D14C40B24199EB52CB3A /* AppRootView.swift in Sources */ = {isa = PBXBuildFile; fileRef = 5AB22696EB857E43170D9A4E /* AppRootView.swift */; };
		8786EC2F9D8F87B1C68131E6 /* DDLTrackerCore in Frameworks */ = {isa = PBXBuildFile; productRef = 1AAF408319EBDA335F3FFE86 /* DDLTrackerCore */; };
		96C749D30466F9D21BD4E8DC /* DDLTrackerApp.swift in Sources */ = {isa = PBXBuildFile; fileRef = 739EC5A8E046255E024B2D03 /* DDLTrackerApp.swift */; };
		9BEFBCBFC956CB4268A840A0 /* PrivateTaskDetailsEditor.swift in Sources */ = {isa = PBXBuildFile; fileRef = 7335DEE0DE03156FFF510863 /* PrivateTaskDetailsEditor.swift */; };
		A5B8D4F083ED652A1DA299C5 /* TodayView.swift in Sources */ = {isa = PBXBuildFile; fileRef = F2150D56BA5E53186BA68EFA /* TodayView.swift */; };
		AE09B243D9FE948D450FCB03 /* ReportEditor.swift in Sources */ = {isa = PBXBuildFile; fileRef = 1C3E9F4884C0B7FF3022FC43 /* ReportEditor.swift */; };
		C079DE7DAC0FABAAFD3A2AA2 /* AppModel.swift in Sources */ = {isa = PBXBuildFile; fileRef = 40992D7E2DC2C952C7E6582E /* AppModel.swift */; };
		C48DC4192F5ED2A29538DAC8 /* SessionsView.swift in Sources */ = {isa = PBXBuildFile; fileRef = 80017A40AD546F57C04CDB66 /* SessionsView.swift */; };
		CFF66C85402134AE23DAA173 /* AuthenticationView.swift in Sources */ = {isa = PBXBuildFile; fileRef = 26C0C898858E5E1481091BA7 /* AuthenticationView.swift */; };
		D294536854A99D3B0579B4FA /* SharedTaskDetailView.swift in Sources */ = {isa = PBXBuildFile; fileRef = 935D151604C3287ABAF3FC69 /* SharedTaskDetailView.swift */; };
		DC488377EAFE30D0CF5FA400 /* ProfileView.swift in Sources */ = {isa = PBXBuildFile; fileRef = C4C03F716B24C41542CACCB5 /* ProfileView.swift */; };
		E193AA02CDD71EB2DBB68C49 /* Assets.xcassets in Resources */ = {isa = PBXBuildFile; fileRef = BD42E4D33E6FB57DA1374F22 /* Assets.xcassets */; };
		E73CBC4D3D554E59F107D413 /* CommentHistoryView.swift in Sources */ = {isa = PBXBuildFile; fileRef = AA22A70BA62440177477BB17 /* CommentHistoryView.swift */; };
		F191474771259F18E4301316 /* CatalogBrowserView.swift in Sources */ = {isa = PBXBuildFile; fileRef = A10B67BD8D6036CA8B0F5034 /* CatalogBrowserView.swift */; };
		F5D52E70F8010C3148CCB37B /* PersonalTodoEditor.swift in Sources */ = {isa = PBXBuildFile; fileRef = 54E7C71040FA7BD4C3E268B1 /* PersonalTodoEditor.swift */; };
/* End PBXBuildFile section */

/* Begin PBXFileReference section */
		15695ABAAC333C460B3B75E9 /* SyncStatusView.swift */ = {isa = PBXFileReference; lastKnownFileType = sourcecode.swift; path = SyncStatusView.swift; sourceTree = "<group>"; };
		1C3E9F4884C0B7FF3022FC43 /* ReportEditor.swift */ = {isa = PBXFileReference; lastKnownFileType = sourcecode.swift; path = ReportEditor.swift; sourceTree = "<group>"; };
		1DA65C2B7B2319624CC8CA3D /* StudentRootView.swift */ = {isa = PBXFileReference; lastKnownFileType = sourcecode.swift; path = StudentRootView.swift; sourceTree = "<group>"; };
		26C0C898858E5E1481091BA7 /* AuthenticationView.swift */ = {isa = PBXFileReference; lastKnownFileType = sourcecode.swift; path = AuthenticationView.swift; sourceTree = "<group>"; };
		40992D7E2DC2C952C7E6582E /* AppModel.swift */ = {isa = PBXFileReference; lastKnownFileType = sourcecode.swift; path = AppModel.swift; sourceTree = "<group>"; };
		4959B7F662A435D32CD93297 /* SharedTaskCreator.swift */ = {isa = PBXFileReference; lastKnownFileType = sourcecode.swift; path = SharedTaskCreator.swift; sourceTree = "<group>"; };
		49EACF5AAE8726198A965B9C /* ios */ = {isa = PBXFileReference; lastKnownFileType = folder; name = ios; path = .; sourceTree = SOURCE_ROOT; };
		4C816E78BE4268FC0EA6740A /* ProposalEditor.swift */ = {isa = PBXFileReference; lastKnownFileType = sourcecode.swift; path = ProposalEditor.swift; sourceTree = "<group>"; };
		4FFDBCC12F8C2768821B9C63 /* CommentEditor.swift */ = {isa = PBXFileReference; lastKnownFileType = sourcecode.swift; path = CommentEditor.swift; sourceTree = "<group>"; };
		54E7C71040FA7BD4C3E268B1 /* PersonalTodoEditor.swift */ = {isa = PBXFileReference; lastKnownFileType = sourcecode.swift; path = PersonalTodoEditor.swift; sourceTree = "<group>"; };
		56797A4201536370E1D7683C /* ActivityView.swift */ = {isa = PBXFileReference; lastKnownFileType = sourcecode.swift; path = ActivityView.swift; sourceTree = "<group>"; };
		5AB22696EB857E43170D9A4E /* AppRootView.swift */ = {isa = PBXFileReference; lastKnownFileType = sourcecode.swift; path = AppRootView.swift; sourceTree = "<group>"; };
		5ADA5DE07F2FBA0E420713DE /* ProfileEditor.swift */ = {isa = PBXFileReference; lastKnownFileType = sourcecode.swift; path = ProfileEditor.swift; sourceTree = "<group>"; };
		7335DEE0DE03156FFF510863 /* PrivateTaskDetailsEditor.swift */ = {isa = PBXFileReference; lastKnownFileType = sourcecode.swift; path = PrivateTaskDetailsEditor.swift; sourceTree = "<group>"; };
		739EC5A8E046255E024B2D03 /* DDLTrackerApp.swift */ = {isa = PBXFileReference; lastKnownFileType = sourcecode.swift; path = DDLTrackerApp.swift; sourceTree = "<group>"; };
		80017A40AD546F57C04CDB66 /* SessionsView.swift */ = {isa = PBXFileReference; lastKnownFileType = sourcecode.swift; path = SessionsView.swift; sourceTree = "<group>"; };
		8A978FBECE04AA2EDC19CD24 /* CoursesView.swift */ = {isa = PBXFileReference; lastKnownFileType = sourcecode.swift; path = CoursesView.swift; sourceTree = "<group>"; };
		935D151604C3287ABAF3FC69 /* SharedTaskDetailView.swift */ = {isa = PBXFileReference; lastKnownFileType = sourcecode.swift; path = SharedTaskDetailView.swift; sourceTree = "<group>"; };
		A10B67BD8D6036CA8B0F5034 /* CatalogBrowserView.swift */ = {isa = PBXFileReference; lastKnownFileType = sourcecode.swift; path = CatalogBrowserView.swift; sourceTree = "<group>"; };
		AA22A70BA62440177477BB17 /* CommentHistoryView.swift */ = {isa = PBXFileReference; lastKnownFileType = sourcecode.swift; path = CommentHistoryView.swift; sourceTree = "<group>"; };
		BD42E4D33E6FB57DA1374F22 /* Assets.xcassets */ = {isa = PBXFileReference; lastKnownFileType = folder.assetcatalog; path = Assets.xcassets; sourceTree = "<group>"; };
		C1B1F5837350E3E11FB5CA0D /* ClassSectionDetailView.swift */ = {isa = PBXFileReference; lastKnownFileType = sourcecode.swift; path = ClassSectionDetailView.swift; sourceTree = "<group>"; };
		C4C03F716B24C41542CACCB5 /* ProfileView.swift */ = {isa = PBXFileReference; lastKnownFileType = sourcecode.swift; path = ProfileView.swift; sourceTree = "<group>"; };
		DE4EE45F7C5A83147917B4D0 /* Info.plist */ = {isa = PBXFileReference; lastKnownFileType = text.plist; path = Info.plist; sourceTree = "<group>"; };
		E9C5546004579177C1586A09 /* DDLTracker.app */ = {isa = PBXFileReference; includeInIndex = 0; lastKnownFileType = wrapper.application; path = DDLTracker.app; sourceTree = BUILT_PRODUCTS_DIR; };
		F2150D56BA5E53186BA68EFA /* TodayView.swift */ = {isa = PBXFileReference; lastKnownFileType = sourcecode.swift; path = TodayView.swift; sourceTree = "<group>"; };
		FB1DB6FF6EDAF2A43237D5FF /* TaskRow.swift */ = {isa = PBXFileReference; lastKnownFileType = sourcecode.swift; path = TaskRow.swift; sourceTree = "<group>"; };
/* End PBXFileReference section */

/* Begin PBXFrameworksBuildPhase section */
		563C6CD489F3059D44F44D65 /* Frameworks */ = {
			isa = PBXFrameworksBuildPhase;
			buildActionMask = 2147483647;
			files = (
				8786EC2F9D8F87B1C68131E6 /* DDLTrackerCore in Frameworks */,
			);
			runOnlyForDeploymentPostprocessing = 0;
		};
/* End PBXFrameworksBuildPhase section */

/* Begin PBXGroup section */
		025BEEFB4CEC6D7072BD0091 = {
			isa = PBXGroup;
			children = (
				403C8495D515C0CB167F390A /* App */,
				4C62F32F1285043BA15C5F98 /* Packages */,
				73D4F3C8DEC6F175AFE3031A /* Products */,
			);
			sourceTree = "<group>";
		};
		140E39592D70AA684A6FB38C /* Shared */ = {
			isa = PBXGroup;
			children = (
				15695ABAAC333C460B3B75E9 /* SyncStatusView.swift */,
			);
			path = Shared;
			sourceTree = "<group>";
		};
		1D11B0BCC6E4434425CFAC6C /* Model */ = {
			isa = PBXGroup;
			children = (
				40992D7E2DC2C952C7E6582E /* AppModel.swift */,
			);
			path = Model;
			sourceTree = "<group>";
		};
		24C32F6ED4406F32CCC0BD41 /* Auth */ = {
			isa = PBXGroup;
			children = (
				26C0C898858E5E1481091BA7 /* AuthenticationView.swift */,
			);
			path = Auth;
			sourceTree = "<group>";
		};
		350481026CCDA0C76264DBB6 /* Shell */ = {
			isa = PBXGroup;
			children = (
				1DA65C2B7B2319624CC8CA3D /* StudentRootView.swift */,
			);
			path = Shell;
			sourceTree = "<group>";
		};
		403C8495D515C0CB167F390A /* App */ = {
			isa = PBXGroup;
			children = (
				BD42E4D33E6FB57DA1374F22 /* Assets.xcassets */,
				739EC5A8E046255E024B2D03 /* DDLTrackerApp.swift */,
				DE4EE45F7C5A83147917B4D0 /* Info.plist */,
				CB8320913318C0B030D8BB5D /* Activity */,
				24C32F6ED4406F32CCC0BD41 /* Auth */,
				EAFE39E85FE8A96C4F5D809C /* Catalog */,
				1D11B0BCC6E4434425CFAC6C /* Model */,
				F951F7EDD3CC80F2151F29D6 /* Profile */,
				C85FC33B35AA60FF5E2564A0 /* Root */,
				140E39592D70AA684A6FB38C /* Shared */,
				350481026CCDA0C76264DBB6 /* Shell */,
				761DC6495844080D4DD8E235 /* Tasks */,
			);
			path = App;
			sourceTree = "<group>";
		};
		4C62F32F1285043BA15C5F98 /* Packages */ = {
			isa = PBXGroup;
			children = (
				49EACF5AAE8726198A965B9C /* ios */,
			);
			name = Packages;
			sourceTree = "<group>";
		};
		73D4F3C8DEC6F175AFE3031A /* Products */ = {
			isa = PBXGroup;
			children = (
				E9C5546004579177C1586A09 /* DDLTracker.app */,
			);
			name = Products;
			sourceTree = "<group>";
		};
		761DC6495844080D4DD8E235 /* Tasks */ = {
			isa = PBXGroup;
			children = (
				4FFDBCC12F8C2768821B9C63 /* CommentEditor.swift */,
				AA22A70BA62440177477BB17 /* CommentHistoryView.swift */,
				54E7C71040FA7BD4C3E268B1 /* PersonalTodoEditor.swift */,
				7335DEE0DE03156FFF510863 /* PrivateTaskDetailsEditor.swift */,
				4C816E78BE4268FC0EA6740A /* ProposalEditor.swift */,
				1C3E9F4884C0B7FF3022FC43 /* ReportEditor.swift */,
				4959B7F662A435D32CD93297 /* SharedTaskCreator.swift */,
				935D151604C3287ABAF3FC69 /* SharedTaskDetailView.swift */,
				FB1DB6FF6EDAF2A43237D5FF /* TaskRow.swift */,
				F2150D56BA5E53186BA68EFA /* TodayView.swift */,
			);
			path = Tasks;
			sourceTree = "<group>";
		};
		C85FC33B35AA60FF5E2564A0 /* Root */ = {
			isa = PBXGroup;
			children = (
				5AB22696EB857E43170D9A4E /* AppRootView.swift */,
			);
			path = Root;
			sourceTree = "<group>";
		};
		CB8320913318C0B030D8BB5D /* Activity */ = {
			isa = PBXGroup;
			children = (
				56797A4201536370E1D7683C /* ActivityView.swift */,
			);
			path = Activity;
			sourceTree = "<group>";
		};
		EAFE39E85FE8A96C4F5D809C /* Catalog */ = {
			isa = PBXGroup;
			children = (
				A10B67BD8D6036CA8B0F5034 /* CatalogBrowserView.swift */,
				C1B1F5837350E3E11FB5CA0D /* ClassSectionDetailView.swift */,
				8A978FBECE04AA2EDC19CD24 /* CoursesView.swift */,
			);
			path = Catalog;
			sourceTree = "<group>";
		};
		F951F7EDD3CC80F2151F29D6 /* Profile */ = {
			isa = PBXGroup;
			children = (
				5ADA5DE07F2FBA0E420713DE /* ProfileEditor.swift */,
				C4C03F716B24C41542CACCB5 /* ProfileView.swift */,
				80017A40AD546F57C04CDB66 /* SessionsView.swift */,
			);
			path = Profile;
			sourceTree = "<group>";
		};
/* End PBXGroup section */

/* Begin PBXNativeTarget section */
		211819F6726AD7741A6F336B /* DDLTracker */ = {
			isa = PBXNativeTarget;
			buildConfigurationList = 305638857A0DC2DDF8DFA1DF /* Build configuration list for PBXNativeTarget "DDLTracker" */;
			buildPhases = (
				EA4A9605B0A3EE718EAC1635 /* Sources */,
				80BD7728AAEA82CECCCD521E /* Resources */,
				563C6CD489F3059D44F44D65 /* Frameworks */,
			);
			buildRules = (
			);
			dependencies = (
			);
			name = DDLTracker;
			packageProductDependencies = (
				1AAF408319EBDA335F3FFE86 /* DDLTrackerCore */,
			);
			productName = DDLTracker;
			productReference = E9C5546004579177C1586A09 /* DDLTracker.app */;
			productType = "com.apple.product-type.application";
		};
/* End PBXNativeTarget section */

/* Begin PBXProject section */
		1A3575DBFBB1B99D4AD6FBEE /* Project object */ = {
			isa = PBXProject;
			attributes = {
				BuildIndependentTargetsInParallel = YES;
				LastUpgradeCheck = 2600;
				TargetAttributes = {
					211819F6726AD7741A6F336B = {
						DevelopmentTeam = "";
						ProvisioningStyle = Automatic;
					};
				};
			};
			buildConfigurationList = 73FFF1CDC5170118E0B56570 /* Build configuration list for PBXProject "DDLTracker" */;
			developmentRegion = "zh-Hans";
			hasScannedForEncodings = 0;
			knownRegions = (
				Base,
				"zh-Hans",
			);
			mainGroup = 025BEEFB4CEC6D7072BD0091;
			minimizedProjectReferenceProxies = 1;
			packageReferences = (
				7CC78D2EBB985F370C377CF4 /* XCLocalSwiftPackageReference "." */,
			);
			preferredProjectObjectVersion = 77;
			productRefGroup = 73D4F3C8DEC6F175AFE3031A /* Products */;
			projectDirPath = "";
			projectRoot = "";
			targets = (
				211819F6726AD7741A6F336B /* DDLTracker */,
			);
		};
/* End PBXProject section */

/* Begin PBXResourcesBuildPhase section */
		80BD7728AAEA82CECCCD521E /* Resources */ = {
			isa = PBXResourcesBuildPhase;
			buildActionMask = 2147483647;
			files = (
				E193AA02CDD71EB2DBB68C49 /* Assets.xcassets in Resources */,
			);
			runOnlyForDeploymentPostprocessing = 0;
		};
/* End PBXResourcesBuildPhase section */

/* Begin PBXSourcesBuildPhase section */
		EA4A9605B0A3EE718EAC1635 /* Sources */ = {
			isa = PBXSourcesBuildPhase;
			buildActionMask = 2147483647;
			files = (
				3BA02A0385E74FA38829F9FB /* ActivityView.swift in Sources */,
				C079DE7DAC0FABAAFD3A2AA2 /* AppModel.swift in Sources */,
				8065D14C40B24199EB52CB3A /* AppRootView.swift in Sources */,
				CFF66C85402134AE23DAA173 /* AuthenticationView.swift in Sources */,
				F191474771259F18E4301316 /* CatalogBrowserView.swift in Sources */,
				40E2E11CA6B20606A494A8E2 /* ClassSectionDetailView.swift in Sources */,
				0A9BFA504E3FB76BC95C8539 /* CommentEditor.swift in Sources */,
				E73CBC4D3D554E59F107D413 /* CommentHistoryView.swift in Sources */,
				3E8A92D878216D5DB06E6B5E /* CoursesView.swift in Sources */,
				96C749D30466F9D21BD4E8DC /* DDLTrackerApp.swift in Sources */,
				F5D52E70F8010C3148CCB37B /* PersonalTodoEditor.swift in Sources */,
				9BEFBCBFC956CB4268A840A0 /* PrivateTaskDetailsEditor.swift in Sources */,
				698C1FD403EA5964D5E87603 /* ProfileEditor.swift in Sources */,
				DC488377EAFE30D0CF5FA400 /* ProfileView.swift in Sources */,
				47A9E1D20019E68158455A5A /* ProposalEditor.swift in Sources */,
				AE09B243D9FE948D450FCB03 /* ReportEditor.swift in Sources */,
				C48DC4192F5ED2A29538DAC8 /* SessionsView.swift in Sources */,
				4C3A7201573F27998C466F31 /* SharedTaskCreator.swift in Sources */,
				D294536854A99D3B0579B4FA /* SharedTaskDetailView.swift in Sources */,
				28570D32614CB83770396994 /* StudentRootView.swift in Sources */,
				38D452881D47F713F22A49BC /* SyncStatusView.swift in Sources */,
				595531BBF9DB1C8A809CA480 /* TaskRow.swift in Sources */,
				A5B8D4F083ED652A1DA299C5 /* TodayView.swift in Sources */,
			);
			runOnlyForDeploymentPostprocessing = 0;
		};
/* End PBXSourcesBuildPhase section */

/* Begin XCBuildConfiguration section */
		568BA98AAE1F6D8EB6C651DE /* Debug */ = {
			isa = XCBuildConfiguration;
			buildSettings = {
				ALWAYS_SEARCH_USER_PATHS = NO;
				ASSETCATALOG_COMPILER_GENERATE_SWIFT_ASSET_SYMBOL_EXTENSIONS = YES;
				CLANG_ANALYZER_NONNULL = YES;
				CLANG_ANALYZER_NUMBER_OBJECT_CONVERSION = YES_AGGRESSIVE;
				CLANG_CXX_LANGUAGE_STANDARD = "gnu++14";
				CLANG_CXX_LIBRARY = "libc++";
				CLANG_ENABLE_MODULES = YES;
				CLANG_ENABLE_OBJC_ARC = YES;
				CLANG_ENABLE_OBJC_WEAK = YES;
				CLANG_WARN_BLOCK_CAPTURE_AUTORELEASING = YES;
				CLANG_WARN_BOOL_CONVERSION = YES;
				CLANG_WARN_COMMA = YES;
				CLANG_WARN_CONSTANT_CONVERSION = YES;
				CLANG_WARN_DEPRECATED_OBJC_IMPLEMENTATIONS = YES;
				CLANG_WARN_DIRECT_OBJC_ISA_USAGE = YES_ERROR;
				CLANG_WARN_DOCUMENTATION_COMMENTS = YES;
				CLANG_WARN_EMPTY_BODY = YES;
				CLANG_WARN_ENUM_CONVERSION = YES;
				CLANG_WARN_INFINITE_RECURSION = YES;
				CLANG_WARN_INT_CONVERSION = YES;
				CLANG_WARN_NON_LITERAL_NULL_CONVERSION = YES;
				CLANG_WARN_OBJC_IMPLICIT_RETAIN_SELF = YES;
				CLANG_WARN_OBJC_LITERAL_CONVERSION = YES;
				CLANG_WARN_OBJC_ROOT_CLASS = YES_ERROR;
				CLANG_WARN_QUOTED_INCLUDE_IN_FRAMEWORK_HEADER = YES;
				CLANG_WARN_RANGE_LOOP_ANALYSIS = YES;
				CLANG_WARN_STRICT_PROTOTYPES = YES;
				CLANG_WARN_SUSPICIOUS_MOVE = YES;
				CLANG_WARN_UNGUARDED_AVAILABILITY = YES_AGGRESSIVE;
				CLANG_WARN_UNREACHABLE_CODE = YES;
				CLANG_WARN__DUPLICATE_METHOD_MATCH = YES;
				COPY_PHASE_STRIP = NO;
				DEBUG_INFORMATION_FORMAT = dwarf;
				ENABLE_STRICT_OBJC_MSGSEND = YES;
				ENABLE_TESTABILITY = YES;
				ENABLE_USER_SCRIPT_SANDBOXING = YES;
				GCC_C_LANGUAGE_STANDARD = gnu11;
				GCC_DYNAMIC_NO_PIC = NO;
				GCC_NO_COMMON_BLOCKS = YES;
				GCC_OPTIMIZATION_LEVEL = 0;
				GCC_PREPROCESSOR_DEFINITIONS = (
					"$(inherited)",
					"DEBUG=1",
				);
				GCC_WARN_64_TO_32_BIT_CONVERSION = YES;
				GCC_WARN_ABOUT_RETURN_TYPE = YES_ERROR;
				GCC_WARN_UNDECLARED_SELECTOR = YES;
				GCC_WARN_UNINITIALIZED_AUTOS = YES_AGGRESSIVE;
				GCC_WARN_UNUSED_FUNCTION = YES;
				GCC_WARN_UNUSED_VARIABLE = YES;
				IPHONEOS_DEPLOYMENT_TARGET = 18.0;
				MTL_ENABLE_DEBUG_INFO = INCLUDE_SOURCE;
				MTL_FAST_MATH = YES;
				ONLY_ACTIVE_ARCH = YES;
				PRODUCT_NAME = "$(TARGET_NAME)";
				SDKROOT = iphoneos;
				SWIFT_ACTIVE_COMPILATION_CONDITIONS = DEBUG;
				SWIFT_OPTIMIZATION_LEVEL = "-Onone";
				SWIFT_STRICT_CONCURRENCY = complete;
				SWIFT_VERSION = 6.0;
			};
			name = Debug;
		};
		85FBCE3D1CB1831A95459A6D /* Debug */ = {
			isa = XCBuildConfiguration;
			buildSettings = {
				ASSETCATALOG_COMPILER_APPICON_NAME = AppIcon;
				CODE_SIGN_IDENTITY = "iPhone Developer";
				CODE_SIGN_STYLE = Automatic;
				CURRENT_PROJECT_VERSION = 1;
				DEVELOPMENT_TEAM = "";
				INFOPLIST_FILE = App/Info.plist;
				LD_RUNPATH_SEARCH_PATHS = (
					"$(inherited)",
					"@executable_path/Frameworks",
				);
				MARKETING_VERSION = 1.0;
				PRODUCT_BUNDLE_IDENTIFIER = xyz.210023.ddltracker;
				PRODUCT_NAME = "DDL Tracker";
				SDKROOT = iphoneos;
				SUPPORTS_MACCATALYST = NO;
				TARGETED_DEVICE_FAMILY = "1,2";
			};
			name = Debug;
		};
		BF9988677728C7093A0642D2 /* Release */ = {
			isa = XCBuildConfiguration;
			buildSettings = {
				ALWAYS_SEARCH_USER_PATHS = NO;
				ASSETCATALOG_COMPILER_GENERATE_SWIFT_ASSET_SYMBOL_EXTENSIONS = YES;
				CLANG_ANALYZER_NONNULL = YES;
				CLANG_ANALYZER_NUMBER_OBJECT_CONVERSION = YES_AGGRESSIVE;
				CLANG_CXX_LANGUAGE_STANDARD = "gnu++14";
				CLANG_CXX_LIBRARY = "libc++";
				CLANG_ENABLE_MODULES = YES;
				CLANG_ENABLE_OBJC_ARC = YES;
				CLANG_ENABLE_OBJC_WEAK = YES;
				CLANG_WARN_BLOCK_CAPTURE_AUTORELEASING = YES;
				CLANG_WARN_BOOL_CONVERSION = YES;
				CLANG_WARN_COMMA = YES;
				CLANG_WARN_CONSTANT_CONVERSION = YES;
				CLANG_WARN_DEPRECATED_OBJC_IMPLEMENTATIONS = YES;
				CLANG_WARN_DIRECT_OBJC_ISA_USAGE = YES_ERROR;
				CLANG_WARN_DOCUMENTATION_COMMENTS = YES;
				CLANG_WARN_EMPTY_BODY = YES;
				CLANG_WARN_ENUM_CONVERSION = YES;
				CLANG_WARN_INFINITE_RECURSION = YES;
				CLANG_WARN_INT_CONVERSION = YES;
				CLANG_WARN_NON_LITERAL_NULL_CONVERSION = YES;
				CLANG_WARN_OBJC_IMPLICIT_RETAIN_SELF = YES;
				CLANG_WARN_OBJC_LITERAL_CONVERSION = YES;
				CLANG_WARN_OBJC_ROOT_CLASS = YES_ERROR;
				CLANG_WARN_QUOTED_INCLUDE_IN_FRAMEWORK_HEADER = YES;
				CLANG_WARN_RANGE_LOOP_ANALYSIS = YES;
				CLANG_WARN_STRICT_PROTOTYPES = YES;
				CLANG_WARN_SUSPICIOUS_MOVE = YES;
				CLANG_WARN_UNGUARDED_AVAILABILITY = YES_AGGRESSIVE;
				CLANG_WARN_UNREACHABLE_CODE = YES;
				CLANG_WARN__DUPLICATE_METHOD_MATCH = YES;
				COPY_PHASE_STRIP = NO;
				DEBUG_INFORMATION_FORMAT = "dwarf-with-dsym";
				ENABLE_NS_ASSERTIONS = NO;
				ENABLE_STRICT_OBJC_MSGSEND = YES;
				ENABLE_USER_SCRIPT_SANDBOXING = YES;
				GCC_C_LANGUAGE_STANDARD = gnu11;
				GCC_NO_COMMON_BLOCKS = YES;
				GCC_WARN_64_TO_32_BIT_CONVERSION = YES;
				GCC_WARN_ABOUT_RETURN_TYPE = YES_ERROR;
				GCC_WARN_UNDECLARED_SELECTOR = YES;
				GCC_WARN_UNINITIALIZED_AUTOS = YES_AGGRESSIVE;
				GCC_WARN_UNUSED_FUNCTION = YES;
				GCC_WARN_UNUSED_VARIABLE = YES;
				IPHONEOS_DEPLOYMENT_TARGET = 18.0;
				MTL_ENABLE_DEBUG_INFO = NO;
				MTL_FAST_MATH = YES;
				PRODUCT_NAME = "$(TARGET_NAME)";
				SDKROOT = iphoneos;
				SWIFT_COMPILATION_MODE = wholemodule;
				SWIFT_OPTIMIZATION_LEVEL = "-O";
				SWIFT_STRICT_CONCURRENCY = complete;
				SWIFT_VERSION = 6.0;
			};
			name = Release;
		};
		D42F63616DD77FBEDE4FC346 /* Release */ = {
			isa = XCBuildConfiguration;
			buildSettings = {
				ASSETCATALOG_COMPILER_APPICON_NAME = AppIcon;
				CODE_SIGN_IDENTITY = "iPhone Developer";
				CODE_SIGN_STYLE = Automatic;
				CURRENT_PROJECT_VERSION = 1;
				DEVELOPMENT_TEAM = "";
				INFOPLIST_FILE = App/Info.plist;
				LD_RUNPATH_SEARCH_PATHS = (
					"$(inherited)",
					"@executable_path/Frameworks",
				);
				MARKETING_VERSION = 1.0;
				PRODUCT_BUNDLE_IDENTIFIER = xyz.210023.ddltracker;
				PRODUCT_NAME = "DDL Tracker";
				SDKROOT = iphoneos;
				SUPPORTS_MACCATALYST = NO;
				TARGETED_DEVICE_FAMILY = "1,2";
			};
			name = Release;
		};
/* End XCBuildConfiguration section */

/* Begin XCConfigurationList section */
		305638857A0DC2DDF8DFA1DF /* Build configuration list for PBXNativeTarget "DDLTracker" */ = {
			isa = XCConfigurationList;
			buildConfigurations = (
				85FBCE3D1CB1831A95459A6D /* Debug */,
				D42F63616DD77FBEDE4FC346 /* Release */,
			);
			defaultConfigurationIsVisible = 0;
			defaultConfigurationName = Debug;
		};
		73FFF1CDC5170118E0B56570 /* Build configuration list for PBXProject "DDLTracker" */ = {
			isa = XCConfigurationList;
			buildConfigurations = (
				568BA98AAE1F6D8EB6C651DE /* Debug */,
				BF9988677728C7093A0642D2 /* Release */,
			);
			defaultConfigurationIsVisible = 0;
			defaultConfigurationName = Debug;
		};
/* End XCConfigurationList section */

/* Begin XCLocalSwiftPackageReference section */
		7CC78D2EBB985F370C377CF4 /* XCLocalSwiftPackageReference "." */ = {
			isa = XCLocalSwiftPackageReference;
			relativePath = .;
		};
/* End XCLocalSwiftPackageReference section */

/* Begin XCSwiftPackageProductDependency section */
		1AAF408319EBDA335F3FFE86 /* DDLTrackerCore */ = {
			isa = XCSwiftPackageProductDependency;
			productName = DDLTrackerCore;
		};
/* End XCSwiftPackageProductDependency section */
	};
	rootObject = 1A3575DBFBB1B99D4AD6FBEE /* Project object */;
}
